
Microsoft Visual Studio Solution File, Format Version 12.00
# Visual Studio Version 16
VisualStudioVersion = 16.0.30804.86
MinimumVisualStudioVersion = 10.0.40219.1
Project("{888888A0-9F3D-457C-B088-3A5042F75D52}") = "BD Tax Calculation", "BD Tax Calculation.pyproj", "{CB211801-002A-42B1-AD21-58691F071274}"
EndProject
Global
	GlobalSection(SolutionConfigurationPlatforms) = preSolution
		Debug|Any CPU = Debug|Any CPU
		Release|Any CPU = Release|Any CPU
	EndGlobalSection
	GlobalSection(ProjectConfigurationPlatforms) = postSolution
		{CB211801-002A-42B1-AD21-58691F071274}.Debug|Any CPU.ActiveCfg = Debug|Any CPU
		{CB211801-002A-42B1-AD21-58691F071274}.Release|Any CPU.ActiveCfg = Release|Any CPU
	EndGlobalSection
	GlobalSection(SolutionProperties) = preSolution
		HideSolutionNode = FALSE
	EndGlobalSection
	GlobalSection(ExtensibilityGlobals) = postSolution
		SolutionGuid = {D3E3DE87-2AFC-4437-808B-8943D387F231}
	EndGlobalSection
EndGlobal
